// !$*UTF8*$!
{
	archiveVersion = 1;
	classes = {
	};
	objectVersion = 45;
	objects = {

/* Begin PBXBuildFile section */
		1D3623260D0F684500981E51 /* ALThumbs3AppDelegate.m in Sources */ = {isa = PBXBuildFile; fileRef = 1D3623250D0F684500981E51 /* ALThumbs3AppDelegate.m */; };
		1D60589B0D05DD56006BFB54 /* main.m in Sources */ = {isa = PBXBuildFile; fileRef = 29B97316FDCFA39411CA2CEA /* main.m */; };
		1D60589F0D05DD5A006BFB54 /* Foundation.framework in Frameworks */ = {isa = PBXBuildFile; fileRef = 1D30AB110D05D00D00671497 /* Foundation.framework */; };
		1DF5F4E00D08C38300B7A737 /* UIKit.framework in Frameworks */ = {isa = PBXBuildFile; fileRef = 1DF5F4DF0D08C38300B7A737 /* UIKit.framework */; };
		288765FD0DF74451002DB57D /* CoreGraphics.framework in Frameworks */ = {isa = PBXBuildFile; fileRef = 288765FC0DF74451002DB57D /* CoreGraphics.framework */; };
		28AD733F0D9D9553002E5188 /* MainWindow.xib in Resources */ = {isa = PBXBuildFile; fileRef = 28AD733E0D9D9553002E5188 /* MainWindow.xib */; };
		C1681FBA10DDDF4F007820CC /* Three20.bundle in Resources */ = {isa = PBXBuildFile; fileRef = C1681FB910DDDF4F007820CC /* Three20.bundle */; };
		C1681FE110DDDF53007820CC /* libThree20.a in Frameworks */ = {isa = PBXBuildFile; fileRef = C1681FB810DDDF46007820CC /* libThree20.a */; };
		C1681FFC10DDDFB4007820CC /* ALPhoto.m in Sources */ = {isa = PBXBuildFile; fileRef = C1681FF910DDDFB4007820CC /* ALPhoto.m */; };
		C1681FFD10DDDFB4007820CC /* ALPhotoSource.m in Sources */ = {isa = PBXBuildFile; fileRef = C1681FFB10DDDFB4007820CC /* ALPhotoSource.m */; };
		C168200010DDDFBE007820CC /* ALThumbsViewController.m in Sources */ = {isa = PBXBuildFile; fileRef = C1681FFF10DDDFBE007820CC /* ALThumbsViewController.m */; };
		C168201010DDE096007820CC /* QuartzCore.framework in Frameworks */ = {isa = PBXBuildFile; fileRef = C168200F10DDE096007820CC /* QuartzCore.framework */; };
		C168205210DDE15E007820CC /* NSObject+SBJSON.m in Sources */ = {isa = PBXBuildFile; fileRef = C168204710DDE15E007820CC /* NSObject+SBJSON.m */; };
		C168205310DDE15E007820CC /* NSString+SBJSON.m in Sources */ = {isa = PBXBuildFile; fileRef = C168204910DDE15E007820CC /* NSString+SBJSON.m */; };
		C168205410DDE15E007820CC /* SBJSON.m in Sources */ = {isa = PBXBuildFile; fileRef = C168204B10DDE15E007820CC /* SBJSON.m */; };
		C168205510DDE15E007820CC /* SBJsonBase.m in Sources */ = {isa = PBXBuildFile; fileRef = C168204D10DDE15E007820CC /* SBJsonBase.m */; };
		C168205610DDE15E007820CC /* SBJsonParser.m in Sources */ = {isa = PBXBuildFile; fileRef = C168204F10DDE15E007820CC /* SBJsonParser.m */; };
		C168205710DDE15E007820CC /* SBJsonWriter.m in Sources */ = {isa = PBXBuildFile; fileRef = C168205110DDE15E007820CC /* SBJsonWriter.m */; };
		C16820AA10DDE94A007820CC /* FlickrJSONResponse.m in Sources */ = {isa = PBXBuildFile; fileRef = C16820A910DDE94A007820CC /* FlickrJSONResponse.m */; };
		C168216410DDF7B8007820CC /* GTMNSString+URLArguments.m in Sources */ = {isa = PBXBuildFile; fileRef = C168216110DDF7B8007820CC /* GTMNSString+URLArguments.m */; };
		C168216510DDF7B8007820CC /* GTMNSDictionary+URLArguments.m in Sources */ = {isa = PBXBuildFile; fileRef = C168216310DDF7B8007820CC /* GTMNSDictionary+URLArguments.m */; };
/* End PBXBuildFile section */

/* Begin PBXContainerItemProxy section */
		C1681FB710DDDF46007820CC /* PBXContainerItemProxy */ = {
			isa = PBXContainerItemProxy;
			containerPortal = C1681FB310DDDF46007820CC /* Three20.xcodeproj */;
			proxyType = 2;
			remoteGlobalIDString = BEF31F3A0F352DF5000DE5D2 /* libThree20.a */;
			remoteInfo = Three20;
		};
		C1681FE210DDDF62007820CC /* PBXContainerItemProxy */ = {
			isa = PBXContainerItemProxy;
			containerPortal = C1681FB310DDDF46007820CC /* Three20.xcodeproj */;
			proxyType = 1;
			remoteGlobalIDString = BEF31F390F352DF5000DE5D2 /* Three20 */;
			remoteInfo = Three20;
		};
/* End PBXContainerItemProxy section */

/* Begin PBXFileReference section */
		1D30AB110D05D00D00671497 /* Foundation.framework */ = {isa = PBXFileReference; lastKnownFileType = wrapper.framework; name = Foundation.framework; path = System/Library/Frameworks/Foundation.framework; sourceTree = SDKROOT; };
		1D3623240D0F684500981E51 /* ALThumbs3AppDelegate.h */ = {isa = PBXFileReference; fileEncoding = 4; lastKnownFileType = sourcecode.c.h; path = ALThumbs3AppDelegate.h; sourceTree = "<group>"; };
		1D3623250D0F684500981E51 /* ALThumbs3AppDelegate.m */ = {isa = PBXFileReference; fileEncoding = 4; lastKnownFileType = sourcecode.c.objc; path = ALThumbs3AppDelegate.m; sourceTree = "<group>"; };
		1D6058910D05DD3D006BFB54 /* ALThumbs3.app */ = {isa = PBXFileReference; explicitFileType = wrapper.application; includeInIndex = 0; path = ALThumbs3.app; sourceTree = BUILT_PRODUCTS_DIR; };
		1DF5F4DF0D08C38300B7A737 /* UIKit.framework */ = {isa = PBXFileReference; lastKnownFileType = wrapper.framework; name = UIKit.framework; path = System/Library/Frameworks/UIKit.framework; sourceTree = SDKROOT; };
		288765FC0DF74451002DB57D /* CoreGraphics.framework */ = {isa = PBXFileReference; lastKnownFileType = wrapper.framework; name = CoreGraphics.framework; path = System/Library/Frameworks/CoreGraphics.framework; sourceTree = SDKROOT; };
		28AD733E0D9D9553002E5188 /* MainWindow.xib */ = {isa = PBXFileReference; lastKnownFileType = file.xib; path = MainWindow.xib; sourceTree = "<group>"; };
		29B97316FDCFA39411CA2CEA /* main.m */ = {isa = PBXFileReference; fileEncoding = 4; lastKnownFileType = sourcecode.c.objc; path = main.m; sourceTree = "<group>"; };
		32CA4F630368D1EE00C91783 /* ALThumbs3_Prefix.pch */ = {isa = PBXFileReference; fileEncoding = 4; lastKnownFileType = sourcecode.c.h; path = ALThumbs3_Prefix.pch; sourceTree = "<group>"; };
		8D1107310486CEB800E47090 /* ALThumbs3-Info.plist */ = {isa = PBXFileReference; fileEncoding = 4; lastKnownFileType = text.plist.xml; path = "ALThumbs3-Info.plist"; plistStructureDefinitionIdentifier = "com.apple.xcode.plist.structure-definition.iphone.info-plist"; sourceTree = "<group>"; };
		C1681FB310DDDF46007820CC /* Three20.xcodeproj */ = {isa = PBXFileReference; lastKnownFileType = "wrapper.pb-project"; name = Three20.xcodeproj; path = ../three20/src/Three20.xcodeproj; sourceTree = SOURCE_ROOT; };
		C1681FB910DDDF4F007820CC /* Three20.bundle */ = {isa = PBXFileReference; lastKnownFileType = "wrapper.plug-in"; name = Three20.bundle; path = ../three20/src/Three20.bundle; sourceTree = SOURCE_ROOT; };
		C1681FF810DDDFB4007820CC /* ALPhoto.h */ = {isa = PBXFileReference; fileEncoding = 4; lastKnownFileType = sourcecode.c.h; name = ALPhoto.h; path = Classes/ALPhoto.h; sourceTree = SOURCE_ROOT; };
		C1681FF910DDDFB4007820CC /* ALPhoto.m */ = {isa = PBXFileReference; fileEncoding = 4; lastKnownFileType = sourcecode.c.objc; name = ALPhoto.m; path = Classes/ALPhoto.m; sourceTree = SOURCE_ROOT; };
		C1681FFA10DDDFB4007820CC /* ALPhotoSource.h */ = {isa = PBXFileReference; fileEncoding = 4; lastKnownFileType = sourcecode.c.h; name = ALPhotoSource.h; path = Classes/ALPhotoSource.h; sourceTree = SOURCE_ROOT; };
		C1681FFB10DDDFB4007820CC /* ALPhotoSource.m */ = {isa = PBXFileReference; fileEncoding = 4; lastKnownFileType = sourcecode.c.objc; name = ALPhotoSource.m; path = Classes/ALPhotoSource.m; sourceTree = SOURCE_ROOT; };
		C1681FFE10DDDFBE007820CC /* ALThumbsViewController.h */ = {isa = PBXFileReference; fileEncoding = 4; lastKnownFileType = sourcecode.c.h; name = ALThumbsViewController.h; path = Classes/ALThumbsViewController.h; sourceTree = SOURCE_ROOT; };
		C1681FFF10DDDFBE007820CC /* ALThumbsViewController.m */ = {isa = PBXFileReference; fileEncoding = 4; lastKnownFileType = sourcecode.c.objc; name = ALThumbsViewController.m; path = Classes/ALThumbsViewController.m; sourceTree = SOURCE_ROOT; };
		C168200F10DDE096007820CC /* QuartzCore.framework */ = {isa = PBXFileReference; lastKnownFileType = wrapper.framework; name = QuartzCore.framework; path = System/Library/Frameworks/QuartzCore.framework; sourceTree = SDKROOT; };
		C168204510DDE15E007820CC /* JSON.h */ = {isa = PBXFileReference; fileEncoding = 4; lastKnownFileType = sourcecode.c.h; name = JSON.h; path = Classes/JSON/JSON.h; sourceTree = SOURCE_ROOT; };
		C168204610DDE15E007820CC /* NSObject+SBJSON.h */ = {isa = PBXFileReference; fileEncoding = 4; lastKnownFileType = sourcecode.c.h; name = "NSObject+SBJSON.h"; path = "Classes/JSON/NSObject+SBJSON.h"; sourceTree = SOURCE_ROOT; };
		C168204710DDE15E007820CC /* NSObject+SBJSON.m */ = {isa = PBXFileReference; fileEncoding = 4; lastKnownFileType = sourcecode.c.objc; name = "NSObject+SBJSON.m"; path = "Classes/JSON/NSObject+SBJSON.m"; sourceTree = SOURCE_ROOT; };
		C168204810DDE15E007820CC /* NSString+SBJSON.h */ = {isa = PBXFileReference; fileEncoding = 4; lastKnownFileType = sourcecode.c.h; name = "NSString+SBJSON.h"; path = "Classes/JSON/NSString+SBJSON.h"; sourceTree = SOURCE_ROOT; };
		C168204910DDE15E007820CC /* NSString+SBJSON.m */ = {isa = PBXFileReference; fileEncoding = 4; lastKnownFileType = sourcecode.c.objc; name = "NSString+SBJSON.m"; path = "Classes/JSON/NSString+SBJSON.m"; sourceTree = SOURCE_ROOT; };
		C168204A10DDE15E007820CC /* SBJSON.h */ = {isa = PBXFileReference; fileEncoding = 4; lastKnownFileType = sourcecode.c.h; name = SBJSON.h; path = Classes/JSON/SBJSON.h; sourceTree = SOURCE_ROOT; };
		C168204B10DDE15E007820CC /* SBJSON.m */ = {isa = PBXFileReference; fileEncoding = 4; lastKnownFileType = sourcecode.c.objc; name = SBJSON.m; path = Classes/JSON/SBJSON.m; sourceTree = SOURCE_ROOT; };
		C168204C10DDE15E007820CC /* SBJsonBase.h */ = {isa = PBXFileReference; fileEncoding = 4; lastKnownFileType = sourcecode.c.h; name = SBJsonBase.h; path = Classes/JSON/SBJsonBase.h; sourceTree = SOURCE_ROOT; };
		C168204D10DDE15E007820CC /* SBJsonBase.m */ = {isa = PBXFileReference; fileEncoding = 4; lastKnownFileType = sourcecode.c.objc; name = SBJsonBase.m; path = Classes/JSON/SBJsonBase.m; sourceTree = SOURCE_ROOT; };
		C168204E10DDE15E007820CC /* SBJsonParser.h */ = {isa = PBXFileReference; fileEncoding = 4; lastKnownFileType = sourcecode.c.h; name = SBJsonParser.h; path = Classes/JSON/SBJsonParser.h; sourceTree = SOURCE_ROOT; };
		C168204F10DDE15E007820CC /* SBJsonParser.m */ = {isa = PBXFileReference; fileEncoding = 4; lastKnownFileType = sourcecode.c.objc; name = SBJsonParser.m; path = Classes/JSON/SBJsonParser.m; sourceTree = SOURCE_ROOT; };
		C168205010DDE15E007820CC /* SBJsonWriter.h */ = {isa = PBXFileReference; fileEncoding = 4; lastKnownFileType = sourcecode.c.h; name = SBJsonWriter.h; path = Classes/JSON/SBJsonWriter.h; sourceTree = SOURCE_ROOT; };
		C168205110DDE15E007820CC /* SBJsonWriter.m */ = {isa = PBXFileReference; fileEncoding = 4; lastKnownFileType = sourcecode.c.objc; name = SBJsonWriter.m; path = Classes/JSON/SBJsonWriter.m; sourceTree = SOURCE_ROOT; };
		C16820A810DDE94A007820CC /* FlickrJSONResponse.h */ = {isa = PBXFileReference; fileEncoding = 4; lastKnownFileType = sourcecode.c.h; name = FlickrJSONResponse.h; path = Classes/FlickrJSONResponse.h; sourceTree = SOURCE_ROOT; };
		C16820A910DDE94A007820CC /* FlickrJSONResponse.m */ = {isa = PBXFileReference; fileEncoding = 4; lastKnownFileType = sourcecode.c.objc; name = FlickrJSONResponse.m; path = Classes/FlickrJSONResponse.m; sourceTree = SOURCE_ROOT; };
		C168215F10DDF7B8007820CC /* GTMDefines.h */ = {isa = PBXFileReference; fileEncoding = 4; lastKnownFileType = sourcecode.c.h; name = GTMDefines.h; path = Classes/GTMDefines.h; sourceTree = SOURCE_ROOT; };
		C168216010DDF7B8007820CC /* GTMNSString+URLArguments.h */ = {isa = PBXFileReference; fileEncoding = 4; lastKnownFileType = sourcecode.c.h; name = "GTMNSString+URLArguments.h"; path = "Classes/GTMNSString+URLArguments.h"; sourceTree = SOURCE_ROOT; };
		C168216110DDF7B8007820CC /* GTMNSString+URLArguments.m */ = {isa = PBXFileReference; fileEncoding = 4; lastKnownFileType = sourcecode.c.objc; name = "GTMNSString+URLArguments.m"; path = "Classes/GTMNSString+URLArguments.m"; sourceTree = SOURCE_ROOT; };
		C168216210DDF7B8007820CC /* GTMNSDictionary+URLArguments.h */ = {isa = PBXFileReference; fileEncoding = 4; lastKnownFileType = sourcecode.c.h; name = "GTMNSDictionary+URLArguments.h"; path = "Classes/GTMNSDictionary+URLArguments.h"; sourceTree = SOURCE_ROOT; };
		C168216310DDF7B8007820CC /* GTMNSDictionary+URLArguments.m */ = {isa = PBXFileReference; fileEncoding = 4; lastKnownFileType = sourcecode.c.objc; name = "GTMNSDictionary+URLArguments.m"; path = "Classes/GTMNSDictionary+URLArguments.m"; sourceTree = SOURCE_ROOT; };
/* End PBXFileReference section */

/* Begin PBXFrameworksBuildPhase section */
		1D60588F0D05DD3D006BFB54 /* Frameworks */ = {
			isa = PBXFrameworksBuildPhase;
			buildActionMask = 2147483647;
			files = (
				1D60589F0D05DD5A006BFB54 /* Foundation.framework in Frameworks */,
				1DF5F4E00D08C38300B7A737 /* UIKit.framework in Frameworks */,
				288765FD0DF74451002DB57D /* CoreGraphics.framework in Frameworks */,
				C1681FE110DDDF53007820CC /* libThree20.a in Frameworks */,
				C168201010DDE096007820CC /* QuartzCore.framework in Frameworks */,
			);
			runOnlyForDeploymentPostprocessing = 0;
		};
/* End PBXFrameworksBuildPhase section */

/* Begin PBXGroup section */
		080E96DDFE201D6D7F000001 /* Classes */ = {
			isa = PBXGroup;
			children = (
				C16820A810DDE94A007820CC /* FlickrJSONResponse.h */,
				C16820A910DDE94A007820CC /* FlickrJSONResponse.m */,
				C168215E10DDF7B8007820CC /* Google Toolbox for Mac */,
				C168204410DDE15E007820CC /* JSON */,
				C1681FFE10DDDFBE007820CC /* ALThumbsViewController.h */,
				C1681FFF10DDDFBE007820CC /* ALThumbsViewController.m */,
				C1681FF810DDDFB4007820CC /* ALPhoto.h */,
				C1681FF910DDDFB4007820CC /* ALPhoto.m */,
				C1681FFA10DDDFB4007820CC /* ALPhotoSource.h */,
				C1681FFB10DDDFB4007820CC /* ALPhotoSource.m */,
				1D3623240D0F684500981E51 /* ALThumbs3AppDelegate.h */,
				1D3623250D0F684500981E51 /* ALThumbs3AppDelegate.m */,
			);
			path = Classes;
			sourceTree = "<group>";
		};
		19C28FACFE9D520D11CA2CBB /* Products */ = {
			isa = PBXGroup;
			children = (
				1D6058910D05DD3D006BFB54 /* ALThumbs3.app */,
			);
			name = Products;
			sourceTree = "<group>";
		};
		29B97314FDCFA39411CA2CEA /* CustomTemplate */ = {
			isa = PBXGroup;
			children = (
				080E96DDFE201D6D7F000001 /* Classes */,
				29B97315FDCFA39411CA2CEA /* Other Sources */,
				29B97317FDCFA39411CA2CEA /* Resources */,
				29B97323FDCFA39411CA2CEA /* Frameworks */,
				19C28FACFE9D520D11CA2CBB /* Products */,
			);
			name = CustomTemplate;
			sourceTree = "<group>";
		};
		29B97315FDCFA39411CA2CEA /* Other Sources */ = {
			isa = PBXGroup;
			children = (
				C1681FB910DDDF4F007820CC /* Three20.bundle */,
				C1681FB310DDDF46007820CC /* Three20.xcodeproj */,
				32CA4F630368D1EE00C91783 /* ALThumbs3_Prefix.pch */,
				29B97316FDCFA39411CA2CEA /* main.m */,
			);
			name = "Other Sources";
			sourceTree = "<group>";
		};
		29B97317FDCFA39411CA2CEA /* Resources */ = {
			isa = PBXGroup;
			children = (
				28AD733E0D9D9553002E5188 /* MainWindow.xib */,
				8D1107310486CEB800E47090 /* ALThumbs3-Info.plist */,
			);
			name = Resources;
			sourceTree = "<group>";
		};
		29B97323FDCFA39411CA2CEA /* Frameworks */ = {
			isa = PBXGroup;
			children = (
				1DF5F4DF0D08C38300B7A737 /* UIKit.framework */,
				1D30AB110D05D00D00671497 /* Foundation.framework */,
				288765FC0DF74451002DB57D /* CoreGraphics.framework */,
				C168200F10DDE096007820CC /* QuartzCore.framework */,
			);
			name = Frameworks;
			sourceTree = "<group>";
		};
		C1681FB410DDDF46007820CC /* Products */ = {
			isa = PBXGroup;
			children = (
				C1681FB810DDDF46007820CC /* libThree20.a */,
			);
			name = Products;
			sourceTree = "<group>";
		};
		C168204410DDE15E007820CC /* JSON */ = {
			isa = PBXGroup;
			children = (
				C168204510DDE15E007820CC /* JSON.h */,
				C168204610DDE15E007820CC /* NSObject+SBJSON.h */,
				C168204710DDE15E007820CC /* NSObject+SBJSON.m */,
				C168204810DDE15E007820CC /* NSString+SBJSON.h */,
				C168204910DDE15E007820CC /* NSString+SBJSON.m */,
				C168204A10DDE15E007820CC /* SBJSON.h */,
				C168204B10DDE15E007820CC /* SBJSON.m */,
				C168204C10DDE15E007820CC /* SBJsonBase.h */,
				C168204D10DDE15E007820CC /* SBJsonBase.m */,
				C168204E10DDE15E007820CC /* SBJsonParser.h */,
				C168204F10DDE15E007820CC /* SBJsonParser.m */,
				C168205010DDE15E007820CC /* SBJsonWriter.h */,
				C168205110DDE15E007820CC /* SBJsonWriter.m */,
			);
			name = JSON;
			path = Classes/JSON;
			sourceTree = SOURCE_ROOT;
		};
		C168215E10DDF7B8007820CC /* Google Toolbox for Mac */ = {
			isa = PBXGroup;
			children = (
				C168215F10DDF7B8007820CC /* GTMDefines.h */,
				C168216010DDF7B8007820CC /* GTMNSString+URLArguments.h */,
				C168216110DDF7B8007820CC /* GTMNSString+URLArguments.m */,
				C168216210DDF7B8007820CC /* GTMNSDictionary+URLArguments.h */,
				C168216310DDF7B8007820CC /* GTMNSDictionary+URLArguments.m */,
			);
			name = "Google Toolbox for Mac";
			path = Classes;
			sourceTree = SOURCE_ROOT;
		};
/* End PBXGroup section */

/* Begin PBXNativeTarget section */
		1D6058900D05DD3D006BFB54 /* ALThumbs3 */ = {
			isa = PBXNativeTarget;
			buildConfigurationList = 1D6058960D05DD3E006BFB54 /* Build configuration list for PBXNativeTarget "ALThumbs3" */;
			buildPhases = (
				1D60588D0D05DD3D006BFB54 /* Resources */,
				1D60588E0D05DD3D006BFB54 /* Sources */,
				1D60588F0D05DD3D006BFB54 /* Frameworks */,
			);
			buildRules = (
			);
			dependencies = (
				C1681FE310DDDF62007820CC /* PBXTargetDependency */,
			);
			name = ALThumbs3;
			productName = ALThumbs3;
			productReference = 1D6058910D05DD3D006BFB54 /* ALThumbs3.app */;
			productType = "com.apple.product-type.application";
		};
/* End PBXNativeTarget section */

/* Begin PBXProject section */
		29B97313FDCFA39411CA2CEA /* Project object */ = {
			isa = PBXProject;
			buildConfigurationList = C01FCF4E08A954540054247B /* Build configuration list for PBXProject "ALThumbs3" */;
			compatibilityVersion = "Xcode 3.1";
			hasScannedForEncodings = 1;
			mainGroup = 29B97314FDCFA39411CA2CEA /* CustomTemplate */;
			projectDirPath = "";
			projectReferences = (
				{
					ProductGroup = C1681FB410DDDF46007820CC /* Products */;
					ProjectRef = C1681FB310DDDF46007820CC /* Three20.xcodeproj */;
				},
			);
			projectRoot = "";
			targets = (
				1D6058900D05DD3D006BFB54 /* ALThumbs3 */,
			);
		};
/* End PBXProject section */

/* Begin PBXReferenceProxy section */
		C1681FB810DDDF46007820CC /* libThree20.a */ = {
			isa = PBXReferenceProxy;
			fileType = archive.ar;
			path = libThree20.a;
			remoteRef = C1681FB710DDDF46007820CC /* PBXContainerItemProxy */;
			sourceTree = BUILT_PRODUCTS_DIR;
		};
/* End PBXReferenceProxy section */

/* Begin PBXResourcesBuildPhase section */
		1D60588D0D05DD3D006BFB54 /* Resources */ = {
			isa = PBXResourcesBuildPhase;
			buildActionMask = 2147483647;
			files = (
				28AD733F0D9D9553002E5188 /* MainWindow.xib in Resources */,
				C1681FBA10DDDF4F007820CC /* Three20.bundle in Resources */,
			);
			runOnlyForDeploymentPostprocessing = 0;
		};
/* End PBXResourcesBuildPhase section */

/* Begin PBXSourcesBuildPhase section */
		1D60588E0D05DD3D006BFB54 /* Sources */ = {
			isa = PBXSourcesBuildPhase;
			buildActionMask = 2147483647;
			files = (
				1D60589B0D05DD56006BFB54 /* main.m in Sources */,
				1D3623260D0F684500981E51 /* ALThumbs3AppDelegate.m in Sources */,
				C1681FFC10DDDFB4007820CC /* ALPhoto.m in Sources */,
				C1681FFD10DDDFB4007820CC /* ALPhotoSource.m in Sources */,
				C168200010DDDFBE007820CC /* ALThumbsViewController.m in Sources */,
				C168205210DDE15E007820CC /* NSObject+SBJSON.m in Sources */,
				C168205310DDE15E007820CC /* NSString+SBJSON.m in Sources */,
				C168205410DDE15E007820CC /* SBJSON.m in Sources */,
				C168205510DDE15E007820CC /* SBJsonBase.m in Sources */,
				C168205610DDE15E007820CC /* SBJsonParser.m in Sources */,
				C168205710DDE15E007820CC /* SBJsonWriter.m in Sources */,
				C16820AA10DDE94A007820CC /* FlickrJSONResponse.m in Sources */,
				C168216410DDF7B8007820CC /* GTMNSString+URLArguments.m in Sources */,
				C168216510DDF7B8007820CC /* GTMNSDictionary+URLArguments.m in Sources */,
			);
			runOnlyForDeploymentPostprocessing = 0;
		};
/* End PBXSourcesBuildPhase section */

/* Begin PBXTargetDependency section */
		C1681FE310DDDF62007820CC /* PBXTargetDependency */ = {
			isa = PBXTargetDependency;
			name = Three20;
			targetProxy = C1681FE210DDDF62007820CC /* PBXContainerItemProxy */;
		};
/* End PBXTargetDependency section */

/* Begin XCBuildConfiguration section */
		1D6058940D05DD3E006BFB54 /* Debug */ = {
			isa = XCBuildConfiguration;
			buildSettings = {
				ALWAYS_SEARCH_USER_PATHS = NO;
				COPY_PHASE_STRIP = NO;
				GCC_DYNAMIC_NO_PIC = NO;
				GCC_OPTIMIZATION_LEVEL = 0;
				GCC_PRECOMPILE_PREFIX_HEADER = YES;
				GCC_PREFIX_HEADER = ALThumbs3_Prefix.pch;
				INFOPLIST_FILE = "ALThumbs3-Info.plist";
				PRODUCT_NAME = ALThumbs3;
			};
			name = Debug;
		};
		1D6058950D05DD3E006BFB54 /* Release */ = {
			isa = XCBuildConfiguration;
			buildSettings = {
				ALWAYS_SEARCH_USER_PATHS = NO;
				COPY_PHASE_STRIP = YES;
				GCC_PRECOMPILE_PREFIX_HEADER = YES;
				GCC_PREFIX_HEADER = ALThumbs3_Prefix.pch;
				INFOPLIST_FILE = "ALThumbs3-Info.plist";
				PRODUCT_NAME = ALThumbs3;
			};
			name = Release;
		};
		C01FCF4F08A954540054247B /* Debug */ = {
			isa = XCBuildConfiguration;
			buildSettings = {
				ARCHS = "$(ARCHS_STANDARD_32_BIT)";
				"CODE_SIGN_IDENTITY[sdk=iphoneos*]" = "iPhone Developer";
				GCC_C_LANGUAGE_STANDARD = c99;
				GCC_WARN_ABOUT_RETURN_TYPE = YES;
				GCC_WARN_UNUSED_VARIABLE = YES;
				HEADER_SEARCH_PATHS = ../three20/src;
				OTHER_LDFLAGS = (
					"-all_load",
					"-ObjC",
				);
				PREBINDING = NO;
				SDKROOT = iphoneos3.1.2;
			};
			name = Debug;
		};
		C01FCF5008A954540054247B /* Release */ = {
			isa = XCBuildConfiguration;
			buildSettings = {
				ARCHS = "$(ARCHS_STANDARD_32_BIT)";
				"CODE_SIGN_IDENTITY[sdk=iphoneos*]" = "iPhone Developer";
				GCC_C_LANGUAGE_STANDARD = c99;
				GCC_WARN_ABOUT_RETURN_TYPE = YES;
				GCC_WARN_UNUSED_VARIABLE = YES;
				HEADER_SEARCH_PATHS = ../three20/src;
				OTHER_LDFLAGS = (
					"-all_load",
					"-ObjC",
				);
				PREBINDING = NO;
				SDKROOT = iphoneos3.1.2;
			};
			name = Release;
		};
/* End XCBuildConfiguration section */

/* Begin XCConfigurationList section */
		1D6058960D05DD3E006BFB54 /* Build configuration list for PBXNativeTarget "ALThumbs3" */ = {
			isa = XCConfigurationList;
			buildConfigurations = (
				1D6058940D05DD3E006BFB54 /* Debug */,
				1D6058950D05DD3E006BFB54 /* Release */,
			);
			defaultConfigurationIsVisible = 0;
			defaultConfigurationName = Release;
		};
		C01FCF4E08A954540054247B /* Build configuration list for PBXProject "ALThumbs3" */ = {
			isa = XCConfigurationList;
			buildConfigurations = (
				C01FCF4F08A954540054247B /* Debug */,
				C01FCF5008A954540054247B /* Release */,
			);
			defaultConfigurationIsVisible = 0;
			defaultConfigurationName = Release;
		};
/* End XCConfigurationList section */
	};
	rootObject = 29B97313FDCFA39411CA2CEA /* Project object */;
}
